
Microsoft Visual Studio Solution File, Format Version 12.00
# Visual Studio Version 17
VisualStudioVersion = 17.2.32616.157
MinimumVisualStudioVersion = 10.0.40219.1
Project("{FAE04EC0-301F-11D3-BF4B-00C04F79EFBC}") = "2048 game", "2048 game\2048 game.csproj", "{B3E884BA-BD8C-481B-B102-7E8ABFC6E7C0}"
EndProject
Global
	GlobalSection(SolutionConfigurationPlatforms) = preSolution
		Debug|Any CPU = Debug|Any CPU
		Release|Any CPU = Release|Any CPU
	EndGlobalSection
	GlobalSection(ProjectConfigurationPlatforms) = postSolution
		{B3E884BA-BD8C-481B-B102-7E8ABFC6E7C0}.Debug|Any CPU.ActiveCfg = Debug|Any CPU
		{B3E884BA-BD8C-481B-B102-7E8ABFC6E7C0}.Debug|Any CPU.Build.0 = Debug|Any CPU
		{B3E884BA-BD8C-481B-B102-7E8ABFC6E7C0}.Release|Any CPU.ActiveCfg = Release|Any CPU
		{B3E884BA-BD8C-481B-B102-7E8ABFC6E7C0}.Release|Any CPU.Build.0 = Release|Any CPU
	EndGlobalSection
	GlobalSection(SolutionProperties) = preSolution
		HideSolutionNode = FALSE
	EndGlobalSection
	GlobalSection(ExtensibilityGlobals) = postSolution
		SolutionGuid = {BF1EFE28-D078-481E-B99A-47AC5A0B0B07}
	EndGlobalSection
EndGlobal
